
Microsoft Visual Studio Solution File, Format Version 12.00
# Visual Studio Version 17
VisualStudioVersion = 17.8.34309.116
MinimumVisualStudioVersion = 10.0.40219.1
Project("{FAE04EC0-301F-11D3-BF4B-000C4F79EFD3}") = "PrintRequestApp", "src\PrintRequestApp\PrintRequestApp.csproj", "{19E0070A-A533-4844-98A7-AF3721198185}"
EndProject
Project("{FAE04EC0-301F-11D3-BF4B-000C4F79EFD3}") = "PrintRequestApp.Core", "src\PrintRequestApp.Core\PrintRequestApp.Core.csproj", "{36668B07-4A26-4170-939A-5FFA02EB643F}"
EndProject
Global
	GlobalSection(SolutionConfigurationPlatforms) = preSolution
		Debug|Any CPU = Debug|Any CPU
		Release|Any CPU = Release|Any CPU
	EndGlobalSection
	GlobalSection(ProjectConfigurationPlatforms) = postSolution
		{19E0070A-A533-4844-98A7-AF3721198185}.Debug|Any CPU.ActiveCfg = Debug|Any CPU
		{19E0070A-A533-4844-98A7-AF3721198185}.Debug|Any CPU.Build.0 = Debug|Any CPU
		{19E0070A-A533-4844-98A7-AF3721198185}.Release|Any CPU.ActiveCfg = Release|Any CPU
		{19E0070A-A533-4844-98A7-AF3721198185}.Release|Any CPU.Build.0 = Release|Any CPU
		{36668B07-4A26-4170-939A-5FFA02EB643F}.Debug|Any CPU.ActiveCfg = Debug|Any CPU
		{36668B07-4A26-4170-939A-5FFA02EB643F}.Debug|Any CPU.Build.0 = Debug|Any CPU
		{36668B07-4A26-4170-939A-5FFA02EB643F}.Release|Any CPU.ActiveCfg = Release|Any CPU
		{36668B07-4A26-4170-939A-5FFA02EB643F}.Release|Any CPU.Build.0 = Release|Any CPU
	EndGlobalSection
	GlobalSection(SolutionProperties) = preSolution
		HideSolutionNode = FALSE
	EndGlobalSection
EndGlobal
